{
  "name": "frontend",
  "lockfileVersion": 2,
  "requires": true,
  "packages": {
    "": {
      "dependencies": {
        "quill-drag-and-drop-module": "^0.3.0"
      }
    },
    "node_modules/quill-drag-and-drop-module": {
      "version": "0.3.0",
      "resolved": "https://registry.npmjs.org/quill-drag-and-drop-module/-/quill-drag-and-drop-module-0.3.0.tgz",
      "integrity": "sha512-yOyTVDFkIwgGR1b/Rdnd3P4p17387t//GL0CswnFEHxk/2T6ba6rS2sy4v0v16jJB8pEVNz768d3av76eSgGEg=="
    }
  },
  "dependencies": {
    "quill-drag-and-drop-module": {
      "version": "0.3.0",
      "resolved": "https://registry.npmjs.org/quill-drag-and-drop-module/-/quill-drag-and-drop-module-0.3.0.tgz",
      "integrity": "sha512-yOyTVDFkIwgGR1b/Rdnd3P4p17387t//GL0CswnFEHxk/2T6ba6rS2sy4v0v16jJB8pEVNz768d3av76eSgGEg=="
    }
  }
}
